// !$*UTF8*$!
{
	archiveVersion = 1;
	classes = {
	};
	objectVersion = 77;
	objects = {

/* Begin PBXBuildFile section */
		8490BAC82DD6FF5A00EA2D05 /* SwiftH3 in Frameworks */ = {isa = PBXBuildFile; productRef = 8490BAC72DD6FF5A00EA2D05 /* SwiftH3 */; };
/* End PBXBuildFile section */

/* Begin PBXContainerItemProxy section */
		845F948C2DD6F60000EB715A /* PBXContainerItemProxy */ = {
			isa = PBXContainerItemProxy;
			containerPortal = 845F94742DD6F5FF00EB715A /* Project object */;
			proxyType = 1;
			remoteGlobalIDString = 845F947B2DD6F5FF00EB715A;
			remoteInfo = "My World";
		};
		845F94962DD6F60000EB715A /* PBXContainerItemProxy */ = {
			isa = PBXContainerItemProxy;
			containerPortal = 845F94742DD6F5FF00EB715A /* Project object */;
			proxyType = 1;
			remoteGlobalIDString = 845F947B2DD6F5FF00EB715A;
			remoteInfo = "My World";
		};
/* End PBXContainerItemProxy section */

/* Begin PBXFileReference section */
		845F947C2DD6F5FF00EB715A /* My World.app */ = {isa = PBXFileReference; explicitFileType = wrapper.application; includeInIndex = 0; path = "My World.app"; sourceTree = BUILT_PRODUCTS_DIR; };
		845F948B2DD6F60000EB715A /* My WorldTests.xctest */ = {isa = PBXFileReference; explicitFileType = wrapper.cfbundle; includeInIndex = 0; path = "My WorldTests.xctest"; sourceTree = BUILT_PRODUCTS_DIR; };
		845F94952DD6F60000EB715A /* My WorldUITests.xctest */ = {isa = PBXFileReference; explicitFileType = wrapper.cfbundle; includeInIndex = 0; path = "My WorldUITests.xctest"; sourceTree = BUILT_PRODUCTS_DIR; };
		8490BAC92DD702E500EA2D05 /* README.md */ = {isa = PBXFileReference; lastKnownFileType = net.daringfireball.markdown; path = README.md; sourceTree = "<group>"; };
/* End PBXFileReference section */

/* Begin PBXFileSystemSynchronizedRootGroup section */
		845F947E2DD6F5FF00EB715A /* My World */ = {
			isa = PBXFileSystemSynchronizedRootGroup;
			path = "My World";
			sourceTree = "<group>";
		};
		845F948E2DD6F60000EB715A /* My WorldTests */ = {
			isa = PBXFileSystemSynchronizedRootGroup;
			path = "My WorldTests";
			sourceTree = "<group>";
		};
		845F94982DD6F60000EB715A /* My WorldUITests */ = {
			isa = PBXFileSystemSynchronizedRootGroup;
			path = "My WorldUITests";
			sourceTree = "<group>";
		};
/* End PBXFileSystemSynchronizedRootGroup section */

/* Begin PBXFrameworksBuildPhase section */
		845F94792DD6F5FF00EB715A /* Frameworks */ = {
			isa = PBXFrameworksBuildPhase;
			buildActionMask = 2147483647;
			files = (
				8490BAC82DD6FF5A00EA2D05 /* SwiftH3 in Frameworks */,
			);
			runOnlyForDeploymentPostprocessing = 0;
		};
		845F94882DD6F60000EB715A /* Frameworks */ = {
			isa = PBXFrameworksBuildPhase;
			buildActionMask = 2147483647;
			files = (
			);
			runOnlyForDeploymentPostprocessing = 0;
		};
		845F94922DD6F60000EB715A /* Frameworks */ = {
			isa = PBXFrameworksBuildPhase;
			buildActionMask = 2147483647;
			files = (
			);
			runOnlyForDeploymentPostprocessing = 0;
		};
/* End PBXFrameworksBuildPhase section */

/* Begin PBXGroup section */
		845F94732DD6F5FF00EB715A = {
			isa = PBXGroup;
			children = (
				845F947E2DD6F5FF00EB715A /* My World */,
				845F948E2DD6F60000EB715A /* My WorldTests */,
				845F94982DD6F60000EB715A /* My WorldUITests */,
				845F947D2DD6F5FF00EB715A /* Products */,
				8490BAC92DD702E500EA2D05 /* README.md */,
			);
			sourceTree = "<group>";
		};
		845F947D2DD6F5FF00EB715A /* Products */ = {
			isa = PBXGroup;
			children = (
				845F947C2DD6F5FF00EB715A /* My World.app */,
				845F948B2DD6F60000EB715A /* My WorldTests.xctest */,
				845F94952DD6F60000EB715A /* My WorldUITests.xctest */,
			);
			name = Products;
			sourceTree = "<group>";
		};
/* End PBXGroup section */

/* Begin PBXNativeTarget section */
		845F947B2DD6F5FF00EB715A /* My World */ = {
			isa = PBXNativeTarget;
			buildConfigurationList = 845F949F2DD6F60000EB715A /* Build configuration list for PBXNativeTarget "My World" */;
			buildPhases = (
				845F94782DD6F5FF00EB715A /* Sources */,
				845F94792DD6F5FF00EB715A /* Frameworks */,
				845F947A2DD6F5FF00EB715A /* Resources */,
			);
			buildRules = (
			);
			dependencies = (
			);
			fileSystemSynchronizedGroups = (
				845F947E2DD6F5FF00EB715A /* My World */,
			);
			name = "My World";
			packageProductDependencies = (
				8490BAC72DD6FF5A00EA2D05 /* SwiftH3 */,
			);
			productName = "My World";
			productReference = 845F947C2DD6F5FF00EB715A /* My World.app */;
			productType = "com.apple.product-type.application";
		};
		845F948A2DD6F60000EB715A /* My WorldTests */ = {
			isa = PBXNativeTarget;
			buildConfigurationList = 845F94A22DD6F60000EB715A /* Build configuration list for PBXNativeTarget "My WorldTests" */;
			buildPhases = (
				845F94872DD6F60000EB715A /* Sources */,
				845F94882DD6F60000EB715A /* Frameworks */,
				845F94892DD6F60000EB715A /* Resources */,
			);
			buildRules = (
			);
			dependencies = (
				845F948D2DD6F60000EB715A /* PBXTargetDependency */,
			);
			fileSystemSynchronizedGroups = (
				845F948E2DD6F60000EB715A /* My WorldTests */,
			);
			name = "My WorldTests";
			packageProductDependencies = (
			);
			productName = "My WorldTests";
			productReference = 845F948B2DD6F60000EB715A /* My WorldTests.xctest */;
			productType = "com.apple.product-type.bundle.unit-test";
		};
		845F94942DD6F60000EB715A /* My WorldUITests */ = {
			isa = PBXNativeTarget;
			buildConfigurationList = 845F94A52DD6F60000EB715A /* Build configuration list for PBXNativeTarget "My WorldUITests" */;
			buildPhases = (
				845F94912DD6F60000EB715A /* Sources */,
				845F94922DD6F60000EB715A /* Frameworks */,
				845F94932DD6F60000EB715A /* Resources */,
			);
			buildRules = (
			);
			dependencies = (
				845F94972DD6F60000EB715A /* PBXTargetDependency */,
			);
			fileSystemSynchronizedGroups = (
				845F94982DD6F60000EB715A /* My WorldUITests */,
			);
			name = "My WorldUITests";
			packageProductDependencies = (
			);
			productName = "My WorldUITests";
			productReference = 845F94952DD6F60000EB715A /* My WorldUITests.xctest */;
			productType = "com.apple.product-type.bundle.ui-testing";
		};
/* End PBXNativeTarget section */

/* Begin PBXProject section */
		845F94742DD6F5FF00EB715A /* Project object */ = {
			isa = PBXProject;
			attributes = {
				BuildIndependentTargetsInParallel = 1;
				LastSwiftUpdateCheck = 1630;
				LastUpgradeCheck = 1630;
				TargetAttributes = {
					845F947B2DD6F5FF00EB715A = {
						CreatedOnToolsVersion = 16.3;
					};
					845F948A2DD6F60000EB715A = {
						CreatedOnToolsVersion = 16.3;
						TestTargetID = 845F947B2DD6F5FF00EB715A;
					};
					845F94942DD6F60000EB715A = {
						CreatedOnToolsVersion = 16.3;
						TestTargetID = 845F947B2DD6F5FF00EB715A;
					};
				};
			};
			buildConfigurationList = 845F94772DD6F5FF00EB715A /* Build configuration list for PBXProject "My World" */;
			developmentRegion = en;
			hasScannedForEncodings = 0;
			knownRegions = (
				en,
				Base,
			);
			mainGroup = 845F94732DD6F5FF00EB715A;
			minimizedProjectReferenceProxies = 1;
			packageReferences = (
				8490BAC62DD6FF5A00EA2D05 /* XCRemoteSwiftPackageReference "SwiftH3" */,
			);
			preferredProjectObjectVersion = 77;
			productRefGroup = 845F947D2DD6F5FF00EB715A /* Products */;
			projectDirPath = "";
			projectRoot = "";
			targets = (
				845F947B2DD6F5FF00EB715A /* My World */,
				845F948A2DD6F60000EB715A /* My WorldTests */,
				845F94942DD6F60000EB715A /* My WorldUITests */,
			);
		};
/* End PBXProject section */

/* Begin PBXResourcesBuildPhase section */
		845F947A2DD6F5FF00EB715A /* Resources */ = {
			isa = PBXResourcesBuildPhase;
			buildActionMask = 2147483647;
			files = (
			);
			runOnlyForDeploymentPostprocessing = 0;
		};
		845F94892DD6F60000EB715A /* Resources */ = {
			isa = PBXResourcesBuildPhase;
			buildActionMask = 2147483647;
			files = (
			);
			runOnlyForDeploymentPostprocessing = 0;
		};
		845F94932DD6F60000EB715A /* Resources */ = {
			isa = PBXResourcesBuildPhase;
			buildActionMask = 2147483647;
			files = (
			);
			runOnlyForDeploymentPostprocessing = 0;
		};
/* End PBXResourcesBuildPhase section */

/* Begin PBXSourcesBuildPhase section */
		845F94782DD6F5FF00EB715A /* Sources */ = {
			isa = PBXSourcesBuildPhase;
			buildActionMask = 2147483647;
			files = (
			);
			runOnlyForDeploymentPostprocessing = 0;
		};
		845F94872DD6F60000EB715A /* Sources */ = {
			isa = PBXSourcesBuildPhase;
			buildActionMask = 2147483647;
			files = (
			);
			runOnlyForDeploymentPostprocessing = 0;
		};
		845F94912DD6F60000EB715A /* Sources */ = {
			isa = PBXSourcesBuildPhase;
			buildActionMask = 2147483647;
			files = (
			);
			runOnlyForDeploymentPostprocessing = 0;
		};
/* End PBXSourcesBuildPhase section */

/* Begin PBXTargetDependency section */
		845F948D2DD6F60000EB715A /* PBXTargetDependency */ = {
			isa = PBXTargetDependency;
			target = 845F947B2DD6F5FF00EB715A /* My World */;
			targetProxy = 845F948C2DD6F60000EB715A /* PBXContainerItemProxy */;
		};
		845F94972DD6F60000EB715A /* PBXTargetDependency */ = {
			isa = PBXTargetDependency;
			target = 845F947B2DD6F5FF00EB715A /* My World */;
			targetProxy = 845F94962DD6F60000EB715A /* PBXContainerItemProxy */;
		};
/* End PBXTargetDependency section */

/* Begin XCBuildConfiguration section */
		845F949D2DD6F60000EB715A /* Debug */ = {
			isa = XCBuildConfiguration;
			buildSettings = {
				ALWAYS_SEARCH_USER_PATHS = NO;
				ASSETCATALOG_COMPILER_GENERATE_SWIFT_ASSET_SYMBOL_EXTENSIONS = YES;
				CLANG_ANALYZER_NONNULL = YES;
				CLANG_ANALYZER_NUMBER_OBJECT_CONVERSION = YES_AGGRESSIVE;
				CLANG_CXX_LANGUAGE_STANDARD = "gnu++20";
				CLANG_ENABLE_MODULES = YES;
				CLANG_ENABLE_OBJC_ARC = YES;
				CLANG_ENABLE_OBJC_WEAK = YES;
				CLANG_WARN_BLOCK_CAPTURE_AUTORELEASING = YES;
				CLANG_WARN_BOOL_CONVERSION = YES;
				CLANG_WARN_COMMA = YES;
				CLANG_WARN_CONSTANT_CONVERSION = YES;
				CLANG_WARN_DEPRECATED_OBJC_IMPLEMENTATIONS = YES;
				CLANG_WARN_DIRECT_OBJC_ISA_USAGE = YES_ERROR;
				CLANG_WARN_DOCUMENTATION_COMMENTS = YES;
				CLANG_WARN_EMPTY_BODY = YES;
				CLANG_WARN_ENUM_CONVERSION = YES;
				CLANG_WARN_INFINITE_RECURSION = YES;
				CLANG_WARN_INT_CONVERSION = YES;
				CLANG_WARN_NON_LITERAL_NULL_CONVERSION = YES;
				CLANG_WARN_OBJC_IMPLICIT_RETAIN_SELF = YES;
				CLANG_WARN_OBJC_LITERAL_CONVERSION = YES;
				CLANG_WARN_OBJC_ROOT_CLASS = YES_ERROR;
				CLANG_WARN_QUOTED_INCLUDE_IN_FRAMEWORK_HEADER = YES;
				CLANG_WARN_RANGE_LOOP_ANALYSIS = YES;
				CLANG_WARN_STRICT_PROTOTYPES = YES;
				CLANG_WARN_SUSPICIOUS_MOVE = YES;
				CLANG_WARN_UNGUARDED_AVAILABILITY = YES_AGGRESSIVE;
				CLANG_WARN_UNREACHABLE_CODE = YES;
				CLANG_WARN__DUPLICATE_METHOD_MATCH = YES;
				COPY_PHASE_STRIP = NO;
				DEBUG_INFORMATION_FORMAT = dwarf;
				DEVELOPMENT_TEAM = R5GHLXXXT9;
				ENABLE_STRICT_OBJC_MSGSEND = YES;
				ENABLE_TESTABILITY = YES;
				ENABLE_USER_SCRIPT_SANDBOXING = YES;
				GCC_C_LANGUAGE_STANDARD = gnu17;
				GCC_DYNAMIC_NO_PIC = NO;
				GCC_NO_COMMON_BLOCKS = YES;
				GCC_OPTIMIZATION_LEVEL = 0;
				GCC_PREPROCESSOR_DEFINITIONS = (
					"DEBUG=1",
					"$(inherited)",
				);
				GCC_WARN_64_TO_32_BIT_CONVERSION = YES;
				GCC_WARN_ABOUT_RETURN_TYPE = YES_ERROR;
				GCC_WARN_UNDECLARED_SELECTOR = YES;
				GCC_WARN_UNINITIALIZED_AUTOS = YES_AGGRESSIVE;
				GCC_WARN_UNUSED_FUNCTION = YES;
				GCC_WARN_UNUSED_VARIABLE = YES;
				IPHONEOS_DEPLOYMENT_TARGET = 18.4;
				LOCALIZATION_PREFERS_STRING_CATALOGS = YES;
				MTL_ENABLE_DEBUG_INFO = INCLUDE_SOURCE;
				MTL_FAST_MATH = YES;
				ONLY_ACTIVE_ARCH = YES;
				SDKROOT = iphoneos;
				SWIFT_ACTIVE_COMPILATION_CONDITIONS = "DEBUG $(inherited)";
				SWIFT_OPTIMIZATION_LEVEL = "-Onone";
			};
			name = Debug;
		};
		845F949E2DD6F60000EB715A /* Release */ = {
			isa = XCBuildConfiguration;
			buildSettings = {
				ALWAYS_SEARCH_USER_PATHS = NO;
				ASSETCATALOG_COMPILER_GENERATE_SWIFT_ASSET_SYMBOL_EXTENSIONS = YES;
				CLANG_ANALYZER_NONNULL = YES;
				CLANG_ANALYZER_NUMBER_OBJECT_CONVERSION = YES_AGGRESSIVE;
				CLANG_CXX_LANGUAGE_STANDARD = "gnu++20";
				CLANG_ENABLE_MODULES = YES;
				CLANG_ENABLE_OBJC_ARC = YES;
				CLANG_ENABLE_OBJC_WEAK = YES;
				CLANG_WARN_BLOCK_CAPTURE_AUTORELEASING = YES;
				CLANG_WARN_BOOL_CONVERSION = YES;
				CLANG_WARN_COMMA = YES;
				CLANG_WARN_CONSTANT_CONVERSION = YES;
				CLANG_WARN_DEPRECATED_OBJC_IMPLEMENTATIONS = YES;
				CLANG_WARN_DIRECT_OBJC_ISA_USAGE = YES_ERROR;
				CLANG_WARN_DOCUMENTATION_COMMENTS = YES;
				CLANG_WARN_EMPTY_BODY = YES;
				CLANG_WARN_ENUM_CONVERSION = YES;
				CLANG_WARN_INFINITE_RECURSION = YES;
				CLANG_WARN_INT_CONVERSION = YES;
				CLANG_WARN_NON_LITERAL_NULL_CONVERSION = YES;
				CLANG_WARN_OBJC_IMPLICIT_RETAIN_SELF = YES;
				CLANG_WARN_OBJC_LITERAL_CONVERSION = YES;
				CLANG_WARN_OBJC_ROOT_CLASS = YES_ERROR;
				CLANG_WARN_QUOTED_INCLUDE_IN_FRAMEWORK_HEADER = YES;
				CLANG_WARN_RANGE_LOOP_ANALYSIS = YES;
				CLANG_WARN_STRICT_PROTOTYPES = YES;
				CLANG_WARN_SUSPICIOUS_MOVE = YES;
				CLANG_WARN_UNGUARDED_AVAILABILITY = YES_AGGRESSIVE;
				CLANG_WARN_UNREACHABLE_CODE = YES;
				CLANG_WARN__DUPLICATE_METHOD_MATCH = YES;
				COPY_PHASE_STRIP = NO;
				DEBUG_INFORMATION_FORMAT = "dwarf-with-dsym";
				DEVELOPMENT_TEAM = R5GHLXXXT9;
				ENABLE_NS_ASSERTIONS = NO;
				ENABLE_STRICT_OBJC_MSGSEND = YES;
				ENABLE_USER_SCRIPT_SANDBOXING = YES;
				GCC_C_LANGUAGE_STANDARD = gnu17;
				GCC_NO_COMMON_BLOCKS = YES;
				GCC_WARN_64_TO_32_BIT_CONVERSION = YES;
				GCC_WARN_ABOUT_RETURN_TYPE = YES_ERROR;
				GCC_WARN_UNDECLARED_SELECTOR = YES;
				GCC_WARN_UNINITIALIZED_AUTOS = YES_AGGRESSIVE;
				GCC_WARN_UNUSED_FUNCTION = YES;
				GCC_WARN_UNUSED_VARIABLE = YES;
				IPHONEOS_DEPLOYMENT_TARGET = 18.4;
				LOCALIZATION_PREFERS_STRING_CATALOGS = YES;
				MTL_ENABLE_DEBUG_INFO = NO;
				MTL_FAST_MATH = YES;
				SDKROOT = iphoneos;
				SWIFT_COMPILATION_MODE = wholemodule;
				VALIDATE_PRODUCT = YES;
			};
			name = Release;
		};
		845F94A02DD6F60000EB715A /* Debug */ = {
			isa = XCBuildConfiguration;
			buildSettings = {
				ASSETCATALOG_COMPILER_APPICON_NAME = AppIcon;
				ASSETCATALOG_COMPILER_GLOBAL_ACCENT_COLOR_NAME = AccentColor;
				CODE_SIGN_STYLE = Automatic;
				CURRENT_PROJECT_VERSION = 1;
				DEVELOPMENT_TEAM = R5GHLXXXT9;
				ENABLE_PREVIEWS = YES;
				GENERATE_INFOPLIST_FILE = YES;
				INFOPLIST_FILE = "My-World-Info.plist";
				INFOPLIST_KEY_LSApplicationCategoryType = "public.app-category.travel";
				INFOPLIST_KEY_NSLocationAlwaysAndWhenInUseUsageDescription = "We need your location always to be able to automatically keep track of the places you have visited.";
				INFOPLIST_KEY_NSLocationAlwaysUsageDescription = "We need your location to keep track of the places you visit";
				INFOPLIST_KEY_NSLocationWhenInUseUsageDescription = "We need your location to keep track of the places you visit";
				INFOPLIST_KEY_UIApplicationSceneManifest_Generation = YES;
				INFOPLIST_KEY_UIApplicationSupportsIndirectInputEvents = YES;
				INFOPLIST_KEY_UILaunchScreen_Generation = YES;
				INFOPLIST_KEY_UISupportedInterfaceOrientations_iPad = "UIInterfaceOrientationPortrait UIInterfaceOrientationPortraitUpsideDown UIInterfaceOrientationLandscapeLeft UIInterfaceOrientationLandscapeRight";
				INFOPLIST_KEY_UISupportedInterfaceOrientations_iPhone = "UIInterfaceOrientationPortrait UIInterfaceOrientationLandscapeLeft UIInterfaceOrientationLandscapeRight";
				LD_RUNPATH_SEARCH_PATHS = (
					"$(inherited)",
					"@executable_path/Frameworks",
				);
				MARKETING_VERSION = 1.0;
				PRODUCT_BUNDLE_IDENTIFIER = "com.konstantinos.My-World";
				PRODUCT_NAME = "$(TARGET_NAME)";
				SWIFT_EMIT_LOC_STRINGS = YES;
				SWIFT_VERSION = 5.0;
				TARGETED_DEVICE_FAMILY = "1,2";
			};
			name = Debug;
		};
		845F94A12DD6F60000EB715A /* Release */ = {
			isa = XCBuildConfiguration;
			buildSettings = {
				ASSETCATALOG_COMPILER_APPICON_NAME = AppIcon;
				ASSETCATALOG_COMPILER_GLOBAL_ACCENT_COLOR_NAME = AccentColor;
				CODE_SIGN_STYLE = Automatic;
				CURRENT_PROJECT_VERSION = 1;
				DEVELOPMENT_TEAM = R5GHLXXXT9;
				ENABLE_PREVIEWS = YES;
				GENERATE_INFOPLIST_FILE = YES;
				INFOPLIST_FILE = "My-World-Info.plist";
				INFOPLIST_KEY_LSApplicationCategoryType = "public.app-category.travel";
				INFOPLIST_KEY_NSLocationAlwaysAndWhenInUseUsageDescription = "We need your location always to be able to automatically keep track of the places you have visited.";
				INFOPLIST_KEY_NSLocationAlwaysUsageDescription = "We need your location to keep track of the places you visit";
				INFOPLIST_KEY_NSLocationWhenInUseUsageDescription = "We need your location to keep track of the places you visit";
				INFOPLIST_KEY_UIApplicationSceneManifest_Generation = YES;
				INFOPLIST_KEY_UIApplicationSupportsIndirectInputEvents = YES;
				INFOPLIST_KEY_UILaunchScreen_Generation = YES;
				INFOPLIST_KEY_UISupportedInterfaceOrientations_iPad = "UIInterfaceOrientationPortrait UIInterfaceOrientationPortraitUpsideDown UIInterfaceOrientationLandscapeLeft UIInterfaceOrientationLandscapeRight";
				INFOPLIST_KEY_UISupportedInterfaceOrientations_iPhone = "UIInterfaceOrientationPortrait UIInterfaceOrientationLandscapeLeft UIInterfaceOrientationLandscapeRight";
				LD_RUNPATH_SEARCH_PATHS = (
					"$(inherited)",
					"@executable_path/Frameworks",
				);
				MARKETING_VERSION = 1.0;
				PRODUCT_BUNDLE_IDENTIFIER = "com.konstantinos.My-World";
				PRODUCT_NAME = "$(TARGET_NAME)";
				SWIFT_EMIT_LOC_STRINGS = YES;
				SWIFT_VERSION = 5.0;
				TARGETED_DEVICE_FAMILY = "1,2";
			};
			name = Release;
		};
		845F94A32DD6F60000EB715A /* Debug */ = {
			isa = XCBuildConfiguration;
			buildSettings = {
				BUNDLE_LOADER = "$(TEST_HOST)";
				CODE_SIGN_STYLE = Automatic;
				CURRENT_PROJECT_VERSION = 1;
				DEVELOPMENT_TEAM = R5GHLXXXT9;
				GENERATE_INFOPLIST_FILE = YES;
				IPHONEOS_DEPLOYMENT_TARGET = 18.4;
				MARKETING_VERSION = 1.0;
				PRODUCT_BUNDLE_IDENTIFIER = "com.konstantinos.My-WorldTests";
				PRODUCT_NAME = "$(TARGET_NAME)";
				SWIFT_EMIT_LOC_STRINGS = NO;
				SWIFT_VERSION = 5.0;
				TARGETED_DEVICE_FAMILY = "1,2";
				TEST_HOST = "$(BUILT_PRODUCTS_DIR)/My World.app/$(BUNDLE_EXECUTABLE_FOLDER_PATH)/My World";
			};
			name = Debug;
		};
		845F94A42DD6F60000EB715A /* Release */ = {
			isa = XCBuildConfiguration;
			buildSettings = {
				BUNDLE_LOADER = "$(TEST_HOST)";
				CODE_SIGN_STYLE = Automatic;
				CURRENT_PROJECT_VERSION = 1;
				DEVELOPMENT_TEAM = R5GHLXXXT9;
				GENERATE_INFOPLIST_FILE = YES;
				IPHONEOS_DEPLOYMENT_TARGET = 18.4;
				MARKETING_VERSION = 1.0;
				PRODUCT_BUNDLE_IDENTIFIER = "com.konstantinos.My-WorldTests";
				PRODUCT_NAME = "$(TARGET_NAME)";
				SWIFT_EMIT_LOC_STRINGS = NO;
				SWIFT_VERSION = 5.0;
				TARGETED_DEVICE_FAMILY = "1,2";
				TEST_HOST = "$(BUILT_PRODUCTS_DIR)/My World.app/$(BUNDLE_EXECUTABLE_FOLDER_PATH)/My World";
			};
			name = Release;
		};
		845F94A62DD6F60000EB715A /* Debug */ = {
			isa = XCBuildConfiguration;
			buildSettings = {
				CODE_SIGN_STYLE = Automatic;
				CURRENT_PROJECT_VERSION = 1;
				DEVELOPMENT_TEAM = R5GHLXXXT9;
				GENERATE_INFOPLIST_FILE = YES;
				MARKETING_VERSION = 1.0;
				PRODUCT_BUNDLE_IDENTIFIER = "com.konstantinos.My-WorldUITests";
				PRODUCT_NAME = "$(TARGET_NAME)";
				SWIFT_EMIT_LOC_STRINGS = NO;
				SWIFT_VERSION = 5.0;
				TARGETED_DEVICE_FAMILY = "1,2";
				TEST_TARGET_NAME = "My World";
			};
			name = Debug;
		};
		845F94A72DD6F60000EB715A /* Release */ = {
			isa = XCBuildConfiguration;
			buildSettings = {
				CODE_SIGN_STYLE = Automatic;
				CURRENT_PROJECT_VERSION = 1;
				DEVELOPMENT_TEAM = R5GHLXXXT9;
				GENERATE_INFOPLIST_FILE = YES;
				MARKETING_VERSION = 1.0;
				PRODUCT_BUNDLE_IDENTIFIER = "com.konstantinos.My-WorldUITests";
				PRODUCT_NAME = "$(TARGET_NAME)";
				SWIFT_EMIT_LOC_STRINGS = NO;
				SWIFT_VERSION = 5.0;
				TARGETED_DEVICE_FAMILY = "1,2";
				TEST_TARGET_NAME = "My World";
			};
			name = Release;
		};
/* End XCBuildConfiguration section */

/* Begin XCConfigurationList section */
		845F94772DD6F5FF00EB715A /* Build configuration list for PBXProject "My World" */ = {
			isa = XCConfigurationList;
			buildConfigurations = (
				845F949D2DD6F60000EB715A /* Debug */,
				845F949E2DD6F60000EB715A /* Release */,
			);
			defaultConfigurationIsVisible = 0;
			defaultConfigurationName = Release;
		};
		845F949F2DD6F60000EB715A /* Build configuration list for PBXNativeTarget "My World" */ = {
			isa = XCConfigurationList;
			buildConfigurations = (
				845F94A02DD6F60000EB715A /* Debug */,
				845F94A12DD6F60000EB715A /* Release */,
			);
			defaultConfigurationIsVisible = 0;
			defaultConfigurationName = Release;
		};
		845F94A22DD6F60000EB715A /* Build configuration list for PBXNativeTarget "My WorldTests" */ = {
			isa = XCConfigurationList;
			buildConfigurations = (
				845F94A32DD6F60000EB715A /* Debug */,
				845F94A42DD6F60000EB715A /* Release */,
			);
			defaultConfigurationIsVisible = 0;
			defaultConfigurationName = Release;
		};
		845F94A52DD6F60000EB715A /* Build configuration list for PBXNativeTarget "My WorldUITests" */ = {
			isa = XCConfigurationList;
			buildConfigurations = (
				845F94A62DD6F60000EB715A /* Debug */,
				845F94A72DD6F60000EB715A /* Release */,
			);
			defaultConfigurationIsVisible = 0;
			defaultConfigurationName = Release;
		};
/* End XCConfigurationList section */

/* Begin XCRemoteSwiftPackageReference section */
		8490BAC62DD6FF5A00EA2D05 /* XCRemoteSwiftPackageReference "SwiftH3" */ = {
			isa = XCRemoteSwiftPackageReference;
			repositoryURL = "https://github.com/bdotdub/SwiftH3";
			requirement = {
				branch = master;
				kind = branch;
			};
		};
/* End XCRemoteSwiftPackageReference section */

/* Begin XCSwiftPackageProductDependency section */
		8490BAC72DD6FF5A00EA2D05 /* SwiftH3 */ = {
			isa = XCSwiftPackageProductDependency;
			package = 8490BAC62DD6FF5A00EA2D05 /* XCRemoteSwiftPackageReference "SwiftH3" */;
			productName = SwiftH3;
		};
/* End XCSwiftPackageProductDependency section */
	};
	rootObject = 845F94742DD6F5FF00EB715A /* Project object */;
}
